// !$*UTF8*$!
{
	archiveVersion = 1;
	classes = {
	};
	objectVersion = 50;
	objects = {

/* Begin PBXBuildFile section */
		3DCD444121A2A07300170DF6 /* UIScrollView+CCRefresh.m in Sources */ = {isa = PBXBuildFile; fileRef = 3DCD443521A2A07300170DF6 /* UIScrollView+CCRefresh.m */; };
		3DCD444221A2A07300170DF6 /* UIView+CCExtension.m in Sources */ = {isa = PBXBuildFile; fileRef = 3DCD443621A2A07300170DF6 /* UIView+CCExtension.m */; };
		3DCD444321A2A07300170DF6 /* CCRereshHeader.m in Sources */ = {isa = PBXBuildFile; fileRef = 3DCD443821A2A07300170DF6 /* CCRereshHeader.m */; };
		3DCD444421A2A07300170DF6 /* CCLoadingComponent.m in Sources */ = {isa = PBXBuildFile; fileRef = 3DCD443A21A2A07300170DF6 /* CCLoadingComponent.m */; };
		3DCD444521A2A07300170DF6 /* CCLoadingIndicator.m in Sources */ = {isa = PBXBuildFile; fileRef = 3DCD443B21A2A07300170DF6 /* CCLoadingIndicator.m */; };
		3DCD444621A2A07300170DF6 /* CCLoadingDots.m in Sources */ = {isa = PBXBuildFile; fileRef = 3DCD443C21A2A07300170DF6 /* CCLoadingDots.m */; };
/* End PBXBuildFile section */

/* Begin PBXFileReference section */
		3DCD441321A2996C00170DF6 /* CCRefreshHeader.app */ = {isa = PBXFileReference; explicitFileType = wrapper.application; includeInIndex = 0; path = CCRefreshHeader.app; sourceTree = BUILT_PRODUCTS_DIR; };
		3DCD443421A2A07300170DF6 /* UIView+CCExtension.h */ = {isa = PBXFileReference; fileEncoding = 4; lastKnownFileType = sourcecode.c.h; path = "UIView+CCExtension.h"; sourceTree = "<group>"; };
		3DCD443521A2A07300170DF6 /* UIScrollView+CCRefresh.m */ = {isa = PBXFileReference; fileEncoding = 4; lastKnownFileType = sourcecode.c.objc; path = "UIScrollView+CCRefresh.m"; sourceTree = "<group>"; };
		3DCD443621A2A07300170DF6 /* UIView+CCExtension.m */ = {isa = PBXFileReference; fileEncoding = 4; lastKnownFileType = sourcecode.c.objc; path = "UIView+CCExtension.m"; sourceTree = "<group>"; };
		3DCD443721A2A07300170DF6 /* UIScrollView+CCRefresh.h */ = {isa = PBXFileReference; fileEncoding = 4; lastKnownFileType = sourcecode.c.h; path = "UIScrollView+CCRefresh.h"; sourceTree = "<group>"; };
		3DCD443821A2A07300170DF6 /* CCRereshHeader.m */ = {isa = PBXFileReference; fileEncoding = 4; lastKnownFileType = sourcecode.c.objc; path = CCRereshHeader.m; sourceTree = "<group>"; };
		3DCD443A21A2A07300170DF6 /* CCLoadingComponent.m */ = {isa = PBXFileReference; fileEncoding = 4; lastKnownFileType = sourcecode.c.objc; path = CCLoadingComponent.m; sourceTree = "<group>"; };
		3DCD443B21A2A07300170DF6 /* CCLoadingIndicator.m */ = {isa = PBXFileReference; fileEncoding = 4; lastKnownFileType = sourcecode.c.objc; path = CCLoadingIndicator.m; sourceTree = "<group>"; };
		3DCD443C21A2A07300170DF6 /* CCLoadingDots.m */ = {isa = PBXFileReference; fileEncoding = 4; lastKnownFileType = sourcecode.c.objc; path = CCLoadingDots.m; sourceTree = "<group>"; };
		3DCD443D21A2A07300170DF6 /* CCLoadingComponent.h */ = {isa = PBXFileReference; fileEncoding = 4; lastKnownFileType = sourcecode.c.h; path = CCLoadingComponent.h; sourceTree = "<group>"; };
		3DCD443E21A2A07300170DF6 /* CCLoadingDots.h */ = {isa = PBXFileReference; fileEncoding = 4; lastKnownFileType = sourcecode.c.h; path = CCLoadingDots.h; sourceTree = "<group>"; };
		3DCD443F21A2A07300170DF6 /* CCLoadingIndicator.h */ = {isa = PBXFileReference; fileEncoding = 4; lastKnownFileType = sourcecode.c.h; path = CCLoadingIndicator.h; sourceTree = "<group>"; };
		3DCD444021A2A07300170DF6 /* CCRereshHeader.h */ = {isa = PBXFileReference; fileEncoding = 4; lastKnownFileType = sourcecode.c.h; path = CCRereshHeader.h; sourceTree = "<group>"; };
/* End PBXFileReference section */

/* Begin PBXFrameworksBuildPhase section */
		3DCD441021A2996C00170DF6 /* Frameworks */ = {
			isa = PBXFrameworksBuildPhase;
			buildActionMask = 2147483647;
			files = (
			);
			runOnlyForDeploymentPostprocessing = 0;
		};
/* End PBXFrameworksBuildPhase section */

/* Begin PBXGroup section */
		3DCD440A21A2996C00170DF6 = {
			isa = PBXGroup;
			children = (
				3DCD441521A2996C00170DF6 /* CCRefreshHeader */,
				3DCD441421A2996C00170DF6 /* Products */,
			);
			sourceTree = "<group>";
		};
		3DCD441421A2996C00170DF6 /* Products */ = {
			isa = PBXGroup;
			children = (
				3DCD441321A2996C00170DF6 /* CCRefreshHeader.app */,
			);
			name = Products;
			sourceTree = "<group>";
		};
		3DCD441521A2996C00170DF6 /* CCRefreshHeader */ = {
			isa = PBXGroup;
			children = (
				3DCD443221A2A07300170DF6 /* CCRefreshHeader */,
			);
			path = CCRefreshHeader;
			sourceTree = "<group>";
		};
		3DCD443221A2A07300170DF6 /* CCRefreshHeader */ = {
			isa = PBXGroup;
			children = (
				3DCD443321A2A07300170DF6 /* Catogories */,
				3DCD443821A2A07300170DF6 /* CCRereshHeader.m */,
				3DCD443921A2A07300170DF6 /* Components */,
				3DCD444021A2A07300170DF6 /* CCRereshHeader.h */,
			);
			name = CCRefreshHeader;
			sourceTree = "<group>";
		};
		3DCD443321A2A07300170DF6 /* Catogories */ = {
			isa = PBXGroup;
			children = (
				3DCD443421A2A07300170DF6 /* UIView+CCExtension.h */,
				3DCD443521A2A07300170DF6 /* UIScrollView+CCRefresh.m */,
				3DCD443621A2A07300170DF6 /* UIView+CCExtension.m */,
				3DCD443721A2A07300170DF6 /* UIScrollView+CCRefresh.h */,
			);
			path = Catogories;
			sourceTree = "<group>";
		};
		3DCD443921A2A07300170DF6 /* Components */ = {
			isa = PBXGroup;
			children = (
				3DCD443A21A2A07300170DF6 /* CCLoadingComponent.m */,
				3DCD443B21A2A07300170DF6 /* CCLoadingIndicator.m */,
				3DCD443C21A2A07300170DF6 /* CCLoadingDots.m */,
				3DCD443D21A2A07300170DF6 /* CCLoadingComponent.h */,
				3DCD443E21A2A07300170DF6 /* CCLoadingDots.h */,
				3DCD443F21A2A07300170DF6 /* CCLoadingIndicator.h */,
			);
			path = Components;
			sourceTree = "<group>";
		};
/* End PBXGroup section */

/* Begin PBXNativeTarget section */
		3DCD441221A2996C00170DF6 /* CCRefreshHeader */ = {
			isa = PBXNativeTarget;
			buildConfigurationList = 3DCD442921A2996F00170DF6 /* Build configuration list for PBXNativeTarget "CCRefreshHeader" */;
			buildPhases = (
				3DCD440F21A2996C00170DF6 /* Sources */,
				3DCD441021A2996C00170DF6 /* Frameworks */,
				3DCD441121A2996C00170DF6 /* Resources */,
			);
			buildRules = (
			);
			dependencies = (
			);
			name = CCRefreshHeader;
			productName = CCRefreshHeader;
			productReference = 3DCD441321A2996C00170DF6 /* CCRefreshHeader.app */;
			productType = "com.apple.product-type.application";
		};
/* End PBXNativeTarget section */

/* Begin PBXProject section */
		3DCD440B21A2996C00170DF6 /* Project object */ = {
			isa = PBXProject;
			attributes = {
				LastUpgradeCheck = 1000;
				ORGANIZATIONNAME = demoncraz;
				TargetAttributes = {
					3DCD441221A2996C00170DF6 = {
						CreatedOnToolsVersion = 10.0;
					};
				};
			};
			buildConfigurationList = 3DCD440E21A2996C00170DF6 /* Build configuration list for PBXProject "CCRefreshHeader" */;
			compatibilityVersion = "Xcode 9.3";
			developmentRegion = en;
			hasScannedForEncodings = 0;
			knownRegions = (
				en,
				Base,
			);
			mainGroup = 3DCD440A21A2996C00170DF6;
			productRefGroup = 3DCD441421A2996C00170DF6 /* Products */;
			projectDirPath = "";
			projectRoot = "";
			targets = (
				3DCD441221A2996C00170DF6 /* CCRefreshHeader */,
			);
		};
/* End PBXProject section */

/* Begin PBXResourcesBuildPhase section */
		3DCD441121A2996C00170DF6 /* Resources */ = {
			isa = PBXResourcesBuildPhase;
			buildActionMask = 2147483647;
			files = (
			);
			runOnlyForDeploymentPostprocessing = 0;
		};
/* End PBXResourcesBuildPhase section */

/* Begin PBXSourcesBuildPhase section */
		3DCD440F21A2996C00170DF6 /* Sources */ = {
			isa = PBXSourcesBuildPhase;
			buildActionMask = 2147483647;
			files = (
				3DCD444321A2A07300170DF6 /* CCRereshHeader.m in Sources */,
				3DCD444221A2A07300170DF6 /* UIView+CCExtension.m in Sources */,
				3DCD444621A2A07300170DF6 /* CCLoadingDots.m in Sources */,
				3DCD444421A2A07300170DF6 /* CCLoadingComponent.m in Sources */,
				3DCD444521A2A07300170DF6 /* CCLoadingIndicator.m in Sources */,
				3DCD444121A2A07300170DF6 /* UIScrollView+CCRefresh.m in Sources */,
			);
			runOnlyForDeploymentPostprocessing = 0;
		};
/* End PBXSourcesBuildPhase section */

/* Begin XCBuildConfiguration section */
		3DCD442721A2996F00170DF6 /* Debug */ = {
			isa = XCBuildConfiguration;
			buildSettings = {
				ALWAYS_SEARCH_USER_PATHS = NO;
				CLANG_ANALYZER_NONNULL = YES;
				CLANG_ANALYZER_NUMBER_OBJECT_CONVERSION = YES_AGGRESSIVE;
				CLANG_CXX_LANGUAGE_STANDARD = "gnu++14";
				CLANG_CXX_LIBRARY = "libc++";
				CLANG_ENABLE_MODULES = YES;
				CLANG_ENABLE_OBJC_ARC = YES;
				CLANG_ENABLE_OBJC_WEAK = YES;
				CLANG_WARN_BLOCK_CAPTURE_AUTORELEASING = YES;
				CLANG_WARN_BOOL_CONVERSION = YES;
				CLANG_WARN_COMMA = YES;
				CLANG_WARN_CONSTANT_CONVERSION = YES;
				CLANG_WARN_DEPRECATED_OBJC_IMPLEMENTATIONS = YES;
				CLANG_WARN_DIRECT_OBJC_ISA_USAGE = YES_ERROR;
				CLANG_WARN_DOCUMENTATION_COMMENTS = YES;
				CLANG_WARN_EMPTY_BODY = YES;
				CLANG_WARN_ENUM_CONVERSION = YES;
				CLANG_WARN_INFINITE_RECURSION = YES;
				CLANG_WARN_INT_CONVERSION = YES;
				CLANG_WARN_NON_LITERAL_NULL_CONVERSION = YES;
				CLANG_WARN_OBJC_IMPLICIT_RETAIN_SELF = YES;
				CLANG_WARN_OBJC_LITERAL_CONVERSION = YES;
				CLANG_WARN_OBJC_ROOT_CLASS = YES_ERROR;
				CLANG_WARN_RANGE_LOOP_ANALYSIS = YES;
				CLANG_WARN_STRICT_PROTOTYPES = YES;
				CLANG_WARN_SUSPICIOUS_MOVE = YES;
				CLANG_WARN_UNGUARDED_AVAILABILITY = YES_AGGRESSIVE;
				CLANG_WARN_UNREACHABLE_CODE = YES;
				CLANG_WARN__DUPLICATE_METHOD_MATCH = YES;
				CODE_SIGN_IDENTITY = "iPhone Developer";
				COPY_PHASE_STRIP = NO;
				DEBUG_INFORMATION_FORMAT = dwarf;
				ENABLE_STRICT_OBJC_MSGSEND = YES;
				ENABLE_TESTABILITY = YES;
				GCC_C_LANGUAGE_STANDARD = gnu11;
				GCC_DYNAMIC_NO_PIC = NO;
				GCC_NO_COMMON_BLOCKS = YES;
				GCC_OPTIMIZATION_LEVEL = 0;
				GCC_PREPROCESSOR_DEFINITIONS = (
					"DEBUG=1",
					"$(inherited)",
				);
				GCC_WARN_64_TO_32_BIT_CONVERSION = YES;
				GCC_WARN_ABOUT_RETURN_TYPE = YES_ERROR;
				GCC_WARN_UNDECLARED_SELECTOR = YES;
				GCC_WARN_UNINITIALIZED_AUTOS = YES_AGGRESSIVE;
				GCC_WARN_UNUSED_FUNCTION = YES;
				GCC_WARN_UNUSED_VARIABLE = YES;
				IPHONEOS_DEPLOYMENT_TARGET = 12.0;
				MTL_ENABLE_DEBUG_INFO = INCLUDE_SOURCE;
				MTL_FAST_MATH = YES;
				ONLY_ACTIVE_ARCH = YES;
				SDKROOT = iphoneos;
			};
			name = Debug;
		};
		3DCD442821A2996F00170DF6 /* Release */ = {
			isa = XCBuildConfiguration;
			buildSettings = {
				ALWAYS_SEARCH_USER_PATHS = NO;
				CLANG_ANALYZER_NONNULL = YES;
				CLANG_ANALYZER_NUMBER_OBJECT_CONVERSION = YES_AGGRESSIVE;
				CLANG_CXX_LANGUAGE_STANDARD = "gnu++14";
				CLANG_CXX_LIBRARY = "libc++";
				CLANG_ENABLE_MODULES = YES;
				CLANG_ENABLE_OBJC_ARC = YES;
				CLANG_ENABLE_OBJC_WEAK = YES;
				CLANG_WARN_BLOCK_CAPTURE_AUTORELEASING = YES;
				CLANG_WARN_BOOL_CONVERSION = YES;
				CLANG_WARN_COMMA = YES;
				CLANG_WARN_CONSTANT_CONVERSION = YES;
				CLANG_WARN_DEPRECATED_OBJC_IMPLEMENTATIONS = YES;
				CLANG_WARN_DIRECT_OBJC_ISA_USAGE = YES_ERROR;
				CLANG_WARN_DOCUMENTATION_COMMENTS = YES;
				CLANG_WARN_EMPTY_BODY = YES;
				CLANG_WARN_ENUM_CONVERSION = YES;
				CLANG_WARN_INFINITE_RECURSION = YES;
				CLANG_WARN_INT_CONVERSION = YES;
				CLANG_WARN_NON_LITERAL_NULL_CONVERSION = YES;
				CLANG_WARN_OBJC_IMPLICIT_RETAIN_SELF = YES;
				CLANG_WARN_OBJC_LITERAL_CONVERSION = YES;
				CLANG_WARN_OBJC_ROOT_CLASS = YES_ERROR;
				CLANG_WARN_RANGE_LOOP_ANALYSIS = YES;
				CLANG_WARN_STRICT_PROTOTYPES = YES;
				CLANG_WARN_SUSPICIOUS_MOVE = YES;
				CLANG_WARN_UNGUARDED_AVAILABILITY = YES_AGGRESSIVE;
				CLANG_WARN_UNREACHABLE_CODE = YES;
				CLANG_WARN__DUPLICATE_METHOD_MATCH = YES;
				CODE_SIGN_IDENTITY = "iPhone Developer";
				COPY_PHASE_STRIP = NO;
				DEBUG_INFORMATION_FORMAT = "dwarf-with-dsym";
				ENABLE_NS_ASSERTIONS = NO;
				ENABLE_STRICT_OBJC_MSGSEND = YES;
				GCC_C_LANGUAGE_STANDARD = gnu11;
				GCC_NO_COMMON_BLOCKS = YES;
				GCC_WARN_64_TO_32_BIT_CONVERSION = YES;
				GCC_WARN_ABOUT_RETURN_TYPE = YES_ERROR;
				GCC_WARN_UNDECLARED_SELECTOR = YES;
				GCC_WARN_UNINITIALIZED_AUTOS = YES_AGGRESSIVE;
				GCC_WARN_UNUSED_FUNCTION = YES;
				GCC_WARN_UNUSED_VARIABLE = YES;
				IPHONEOS_DEPLOYMENT_TARGET = 12.0;
				MTL_ENABLE_DEBUG_INFO = NO;
				MTL_FAST_MATH = YES;
				SDKROOT = iphoneos;
				VALIDATE_PRODUCT = YES;
			};
			name = Release;
		};
		3DCD442A21A2996F00170DF6 /* Debug */ = {
			isa = XCBuildConfiguration;
			buildSettings = {
				ASSETCATALOG_COMPILER_APPICON_NAME = AppIcon;
				CODE_SIGN_STYLE = Automatic;
				DEVELOPMENT_TEAM = V7J9MS759R;
				INFOPLIST_FILE = CCRefreshHeader/Info.plist;
				IPHONEOS_DEPLOYMENT_TARGET = 10.0;
				LD_RUNPATH_SEARCH_PATHS = (
					"$(inherited)",
					"@executable_path/Frameworks",
				);
				PRODUCT_BUNDLE_IDENTIFIER = com.3caretec.CCRefreshHeader;
				PRODUCT_NAME = "$(TARGET_NAME)";
				TARGETED_DEVICE_FAMILY = "1,2";
			};
			name = Debug;
		};
		3DCD442B21A2996F00170DF6 /* Release */ = {
			isa = XCBuildConfiguration;
			buildSettings = {
				ASSETCATALOG_COMPILER_APPICON_NAME = AppIcon;
				CODE_SIGN_STYLE = Automatic;
				DEVELOPMENT_TEAM = V7J9MS759R;
				INFOPLIST_FILE = CCRefreshHeader/Info.plist;
				IPHONEOS_DEPLOYMENT_TARGET = 10.0;
				LD_RUNPATH_SEARCH_PATHS = (
					"$(inherited)",
					"@executable_path/Frameworks",
				);
				PRODUCT_BUNDLE_IDENTIFIER = com.3caretec.CCRefreshHeader;
				PRODUCT_NAME = "$(TARGET_NAME)";
				TARGETED_DEVICE_FAMILY = "1,2";
			};
			name = Release;
		};
/* End XCBuildConfiguration section */

/* Begin XCConfigurationList section */
		3DCD440E21A2996C00170DF6 /* Build configuration list for PBXProject "CCRefreshHeader" */ = {
			isa = XCConfigurationList;
			buildConfigurations = (
				3DCD442721A2996F00170DF6 /* Debug */,
				3DCD442821A2996F00170DF6 /* Release */,
			);
			defaultConfigurationIsVisible = 0;
			defaultConfigurationName = Release;
		};
		3DCD442921A2996F00170DF6 /* Build configuration list for PBXNativeTarget "CCRefreshHeader" */ = {
			isa = XCConfigurationList;
			buildConfigurations = (
				3DCD442A21A2996F00170DF6 /* Debug */,
				3DCD442B21A2996F00170DF6 /* Release */,
			);
			defaultConfigurationIsVisible = 0;
			defaultConfigurationName = Release;
		};
/* End XCConfigurationList section */
	};
	rootObject = 3DCD440B21A2996C00170DF6 /* Project object */;
}
